// !$*UTF8*$!
{
	archiveVersion = 1;
	classes = {
	};
	objectVersion = 46;
	objects = {

/* Begin PBXBuildFile section */
		40D9C5681F615172005E859F /* main.m in Sources */ = {isa = PBXBuildFile; fileRef = 40D9C5671F615172005E859F /* main.m */; };
		40D9C56B1F615172005E859F /* AppDelegate.m in Sources */ = {isa = PBXBuildFile; fileRef = 40D9C56A1F615172005E859F /* AppDelegate.m */; };
		40D9C5711F615173005E859F /* Main.storyboard in Resources */ = {isa = PBXBuildFile; fileRef = 40D9C56F1F615173005E859F /* Main.storyboard */; };
		40D9C5731F615173005E859F /* Assets.xcassets in Resources */ = {isa = PBXBuildFile; fileRef = 40D9C5721F615173005E859F /* Assets.xcassets */; };
		40D9C5761F615173005E859F /* LaunchScreen.storyboard in Resources */ = {isa = PBXBuildFile; fileRef = 40D9C5741F615173005E859F /* LaunchScreen.storyboard */; };
		40D9C5811F615173005E859F /* Diff_SizeCELL_CollectionviewTests.m in Sources */ = {isa = PBXBuildFile; fileRef = 40D9C5801F615173005E859F /* Diff_SizeCELL_CollectionviewTests.m */; };
		40D9C58C1F615173005E859F /* Diff_SizeCELL_CollectionviewUITests.m in Sources */ = {isa = PBXBuildFile; fileRef = 40D9C58B1F615173005E859F /* Diff_SizeCELL_CollectionviewUITests.m */; };
		40D9C59F1F615182005E859F /* CHTCollectionViewWaterfallCell.m in Sources */ = {isa = PBXBuildFile; fileRef = 40D9C59A1F615182005E859F /* CHTCollectionViewWaterfallCell.m */; };
		40D9C5A01F615182005E859F /* CHTCollectionViewWaterfallHeader.m in Sources */ = {isa = PBXBuildFile; fileRef = 40D9C59C1F615182005E859F /* CHTCollectionViewWaterfallHeader.m */; };
		40D9C5A11F615182005E859F /* CHTCollectionViewWaterfallFooter.m in Sources */ = {isa = PBXBuildFile; fileRef = 40D9C59E1F615182005E859F /* CHTCollectionViewWaterfallFooter.m */; };
		40D9C5A41F61518A005E859F /* CHTCollectionViewWaterfallLayout.m in Sources */ = {isa = PBXBuildFile; fileRef = 40D9C5A31F61518A005E859F /* CHTCollectionViewWaterfallLayout.m */; };
		40D9C5A71F61519D005E859F /* ViewController.m in Sources */ = {isa = PBXBuildFile; fileRef = 40D9C5A61F61519D005E859F /* ViewController.m */; };
		40D9C5B21F61520B005E859F /* IMGVC.m in Sources */ = {isa = PBXBuildFile; fileRef = 40D9C5B11F61520B005E859F /* IMGVC.m */; };
		40D9C5B71F61572F005E859F /* cat4.jpg in Resources */ = {isa = PBXBuildFile; fileRef = 40D9C5B31F61572F005E859F /* cat4.jpg */; };
		40D9C5B81F61572F005E859F /* cat3.jpg in Resources */ = {isa = PBXBuildFile; fileRef = 40D9C5B41F61572F005E859F /* cat3.jpg */; };
		40D9C5B91F61572F005E859F /* cat2.jpg in Resources */ = {isa = PBXBuildFile; fileRef = 40D9C5B51F61572F005E859F /* cat2.jpg */; };
		40D9C5BA1F61572F005E859F /* cat1.jpg in Resources */ = {isa = PBXBuildFile; fileRef = 40D9C5B61F61572F005E859F /* cat1.jpg */; };
/* End PBXBuildFile section */

/* Begin PBXContainerItemProxy section */
		40D9C57D1F615173005E859F /* PBXContainerItemProxy */ = {
			isa = PBXContainerItemProxy;
			containerPortal = 40D9C55B1F615171005E859F /* Project object */;
			proxyType = 1;
			remoteGlobalIDString = 40D9C5621F615171005E859F;
			remoteInfo = Diff_SizeCELL_Collectionview;
		};
		40D9C5881F615173005E859F /* PBXContainerItemProxy */ = {
			isa = PBXContainerItemProxy;
			containerPortal = 40D9C55B1F615171005E859F /* Project object */;
			proxyType = 1;
			remoteGlobalIDString = 40D9C5621F615171005E859F;
			remoteInfo = Diff_SizeCELL_Collectionview;
		};
/* End PBXContainerItemProxy section */

/* Begin PBXFileReference section */
		40D9C5631F615171005E859F /* Diff_SizeCELL_Collectionview.app */ = {isa = PBXFileReference; explicitFileType = wrapper.application; includeInIndex = 0; path = Diff_SizeCELL_Collectionview.app; sourceTree = BUILT_PRODUCTS_DIR; };
		40D9C5671F615172005E859F /* main.m */ = {isa = PBXFileReference; lastKnownFileType = sourcecode.c.objc; path = main.m; sourceTree = "<group>"; };
		40D9C5691F615172005E859F /* AppDelegate.h */ = {isa = PBXFileReference; lastKnownFileType = sourcecode.c.h; path = AppDelegate.h; sourceTree = "<group>"; };
		40D9C56A1F615172005E859F /* AppDelegate.m */ = {isa = PBXFileReference; lastKnownFileType = sourcecode.c.objc; path = AppDelegate.m; sourceTree = "<group>"; };
		40D9C5701F615173005E859F /* Base */ = {isa = PBXFileReference; lastKnownFileType = file.storyboard; name = Base; path = Base.lproj/Main.storyboard; sourceTree = "<group>"; };
		40D9C5721F615173005E859F /* Assets.xcassets */ = {isa = PBXFileReference; lastKnownFileType = folder.assetcatalog; path = Assets.xcassets; sourceTree = "<group>"; };
		40D9C5751F615173005E859F /* Base */ = {isa = PBXFileReference; lastKnownFileType = file.storyboard; name = Base; path = Base.lproj/LaunchScreen.storyboard; sourceTree = "<group>"; };
		40D9C5771F615173005E859F /* Info.plist */ = {isa = PBXFileReference; lastKnownFileType = text.plist.xml; path = Info.plist; sourceTree = "<group>"; };
		40D9C57C1F615173005E859F /* Diff_SizeCELL_CollectionviewTests.xctest */ = {isa = PBXFileReference; explicitFileType = wrapper.cfbundle; includeInIndex = 0; path = Diff_SizeCELL_CollectionviewTests.xctest; sourceTree = BUILT_PRODUCTS_DIR; };
		40D9C5801F615173005E859F /* Diff_SizeCELL_CollectionviewTests.m */ = {isa = PBXFileReference; lastKnownFileType = sourcecode.c.objc; path = Diff_SizeCELL_CollectionviewTests.m; sourceTree = "<group>"; };
		40D9C5821F615173005E859F /* Info.plist */ = {isa = PBXFileReference; lastKnownFileType = text.plist.xml; path = Info.plist; sourceTree = "<group>"; };
		40D9C5871F615173005E859F /* Diff_SizeCELL_CollectionviewUITests.xctest */ = {isa = PBXFileReference; explicitFileType = wrapper.cfbundle; includeInIndex = 0; path = Diff_SizeCELL_CollectionviewUITests.xctest; sourceTree = BUILT_PRODUCTS_DIR; };
		40D9C58B1F615173005E859F /* Diff_SizeCELL_CollectionviewUITests.m */ = {isa = PBXFileReference; lastKnownFileType = sourcecode.c.objc; path = Diff_SizeCELL_CollectionviewUITests.m; sourceTree = "<group>"; };
		40D9C58D1F615173005E859F /* Info.plist */ = {isa = PBXFileReference; lastKnownFileType = text.plist.xml; path = Info.plist; sourceTree = "<group>"; };
		40D9C5991F615182005E859F /* CHTCollectionViewWaterfallCell.h */ = {isa = PBXFileReference; fileEncoding = 4; lastKnownFileType = sourcecode.c.h; path = CHTCollectionViewWaterfallCell.h; sourceTree = "<group>"; };
		40D9C59A1F615182005E859F /* CHTCollectionViewWaterfallCell.m */ = {isa = PBXFileReference; fileEncoding = 4; lastKnownFileType = sourcecode.c.objc; path = CHTCollectionViewWaterfallCell.m; sourceTree = "<group>"; };
		40D9C59B1F615182005E859F /* CHTCollectionViewWaterfallHeader.h */ = {isa = PBXFileReference; fileEncoding = 4; lastKnownFileType = sourcecode.c.h; path = CHTCollectionViewWaterfallHeader.h; sourceTree = "<group>"; };
		40D9C59C1F615182005E859F /* CHTCollectionViewWaterfallHeader.m */ = {isa = PBXFileReference; fileEncoding = 4; lastKnownFileType = sourcecode.c.objc; path = CHTCollectionViewWaterfallHeader.m; sourceTree = "<group>"; };
		40D9C59D1F615182005E859F /* CHTCollectionViewWaterfallFooter.h */ = {isa = PBXFileReference; fileEncoding = 4; lastKnownFileType = sourcecode.c.h; path = CHTCollectionViewWaterfallFooter.h; sourceTree = "<group>"; };
		40D9C59E1F615182005E859F /* CHTCollectionViewWaterfallFooter.m */ = {isa = PBXFileReference; fileEncoding = 4; lastKnownFileType = sourcecode.c.objc; path = CHTCollectionViewWaterfallFooter.m; sourceTree = "<group>"; };
		40D9C5A21F61518A005E859F /* CHTCollectionViewWaterfallLayout.h */ = {isa = PBXFileReference; fileEncoding = 4; lastKnownFileType = sourcecode.c.h; path = CHTCollectionViewWaterfallLayout.h; sourceTree = "<group>"; };
		40D9C5A31F61518A005E859F /* CHTCollectionViewWaterfallLayout.m */ = {isa = PBXFileReference; fileEncoding = 4; lastKnownFileType = sourcecode.c.objc; path = CHTCollectionViewWaterfallLayout.m; sourceTree = "<group>"; };
		40D9C5A51F61519D005E859F /* ViewController.h */ = {isa = PBXFileReference; fileEncoding = 4; lastKnownFileType = sourcecode.c.h; path = ViewController.h; sourceTree = "<group>"; };
		40D9C5A61F61519D005E859F /* ViewController.m */ = {isa = PBXFileReference; fileEncoding = 4; lastKnownFileType = sourcecode.c.objc; path = ViewController.m; sourceTree = "<group>"; };
		40D9C5B01F61520B005E859F /* IMGVC.h */ = {isa = PBXFileReference; fileEncoding = 4; lastKnownFileType = sourcecode.c.h; path = IMGVC.h; sourceTree = "<group>"; };
		40D9C5B11F61520B005E859F /* IMGVC.m */ = {isa = PBXFileReference; fileEncoding = 4; lastKnownFileType = sourcecode.c.objc; path = IMGVC.m; sourceTree = "<group>"; };
		40D9C5B31F61572F005E859F /* cat4.jpg */ = {isa = PBXFileReference; lastKnownFileType = image.jpeg; path = cat4.jpg; sourceTree = "<group>"; };
		40D9C5B41F61572F005E859F /* cat3.jpg */ = {isa = PBXFileReference; lastKnownFileType = image.jpeg; path = cat3.jpg; sourceTree = "<group>"; };
		40D9C5B51F61572F005E859F /* cat2.jpg */ = {isa = PBXFileReference; lastKnownFileType = image.jpeg; path = cat2.jpg; sourceTree = "<group>"; };
		40D9C5B61F61572F005E859F /* cat1.jpg */ = {isa = PBXFileReference; lastKnownFileType = image.jpeg; path = cat1.jpg; sourceTree = "<group>"; };
/* End PBXFileReference section */

/* Begin PBXFrameworksBuildPhase section */
		40D9C5601F615171005E859F /* Frameworks */ = {
			isa = PBXFrameworksBuildPhase;
			buildActionMask = 2147483647;
			files = (
			);
			runOnlyForDeploymentPostprocessing = 0;
		};
		40D9C5791F615173005E859F /* Frameworks */ = {
			isa = PBXFrameworksBuildPhase;
			buildActionMask = 2147483647;
			files = (
			);
			runOnlyForDeploymentPostprocessing = 0;
		};
		40D9C5841F615173005E859F /* Frameworks */ = {
			isa = PBXFrameworksBuildPhase;
			buildActionMask = 2147483647;
			files = (
			);
			runOnlyForDeploymentPostprocessing = 0;
		};
/* End PBXFrameworksBuildPhase section */

/* Begin PBXGroup section */
		40D9C55A1F615171005E859F = {
			isa = PBXGroup;
			children = (
				40D9C5651F615171005E859F /* Diff_SizeCELL_Collectionview */,
				40D9C57F1F615173005E859F /* Diff_SizeCELL_CollectionviewTests */,
				40D9C58A1F615173005E859F /* Diff_SizeCELL_CollectionviewUITests */,
				40D9C5641F615171005E859F /* Products */,
			);
			sourceTree = "<group>";
		};
		40D9C5641F615171005E859F /* Products */ = {
			isa = PBXGroup;
			children = (
				40D9C5631F615171005E859F /* Diff_SizeCELL_Collectionview.app */,
				40D9C57C1F615173005E859F /* Diff_SizeCELL_CollectionviewTests.xctest */,
				40D9C5871F615173005E859F /* Diff_SizeCELL_CollectionviewUITests.xctest */,
			);
			name = Products;
			sourceTree = "<group>";
		};
		40D9C5651F615171005E859F /* Diff_SizeCELL_Collectionview */ = {
			isa = PBXGroup;
			children = (
				40D9C5B31F61572F005E859F /* cat4.jpg */,
				40D9C5B41F61572F005E859F /* cat3.jpg */,
				40D9C5B51F61572F005E859F /* cat2.jpg */,
				40D9C5B61F61572F005E859F /* cat1.jpg */,
				40D9C5A21F61518A005E859F /* CHTCollectionViewWaterfallLayout.h */,
				40D9C5A31F61518A005E859F /* CHTCollectionViewWaterfallLayout.m */,
				40D9C5991F615182005E859F /* CHTCollectionViewWaterfallCell.h */,
				40D9C59A1F615182005E859F /* CHTCollectionViewWaterfallCell.m */,
				40D9C59B1F615182005E859F /* CHTCollectionViewWaterfallHeader.h */,
				40D9C59C1F615182005E859F /* CHTCollectionViewWaterfallHeader.m */,
				40D9C59D1F615182005E859F /* CHTCollectionViewWaterfallFooter.h */,
				40D9C59E1F615182005E859F /* CHTCollectionViewWaterfallFooter.m */,
				40D9C5691F615172005E859F /* AppDelegate.h */,
				40D9C56A1F615172005E859F /* AppDelegate.m */,
				40D9C5A51F61519D005E859F /* ViewController.h */,
				40D9C5A61F61519D005E859F /* ViewController.m */,
				40D9C5B01F61520B005E859F /* IMGVC.h */,
				40D9C5B11F61520B005E859F /* IMGVC.m */,
				40D9C56F1F615173005E859F /* Main.storyboard */,
				40D9C5721F615173005E859F /* Assets.xcassets */,
				40D9C5741F615173005E859F /* LaunchScreen.storyboard */,
				40D9C5771F615173005E859F /* Info.plist */,
				40D9C5661F615172005E859F /* Supporting Files */,
			);
			path = Diff_SizeCELL_Collectionview;
			sourceTree = "<group>";
		};
		40D9C5661F615172005E859F /* Supporting Files */ = {
			isa = PBXGroup;
			children = (
				40D9C5671F615172005E859F /* main.m */,
			);
			name = "Supporting Files";
			sourceTree = "<group>";
		};
		40D9C57F1F615173005E859F /* Diff_SizeCELL_CollectionviewTests */ = {
			isa = PBXGroup;
			children = (
				40D9C5801F615173005E859F /* Diff_SizeCELL_CollectionviewTests.m */,
				40D9C5821F615173005E859F /* Info.plist */,
			);
			path = Diff_SizeCELL_CollectionviewTests;
			sourceTree = "<group>";
		};
		40D9C58A1F615173005E859F /* Diff_SizeCELL_CollectionviewUITests */ = {
			isa = PBXGroup;
			children = (
				40D9C58B1F615173005E859F /* Diff_SizeCELL_CollectionviewUITests.m */,
				40D9C58D1F615173005E859F /* Info.plist */,
			);
			path = Diff_SizeCELL_CollectionviewUITests;
			sourceTree = "<group>";
		};
/* End PBXGroup section */

/* Begin PBXNativeTarget section */
		40D9C5621F615171005E859F /* Diff_SizeCELL_Collectionview */ = {
			isa = PBXNativeTarget;
			buildConfigurationList = 40D9C5901F615173005E859F /* Build configuration list for PBXNativeTarget "Diff_SizeCELL_Collectionview" */;
			buildPhases = (
				40D9C55F1F615171005E859F /* Sources */,
				40D9C5601F615171005E859F /* Frameworks */,
				40D9C5611F615171005E859F /* Resources */,
			);
			buildRules = (
			);
			dependencies = (
			);
			name = Diff_SizeCELL_Collectionview;
			productName = Diff_SizeCELL_Collectionview;
			productReference = 40D9C5631F615171005E859F /* Diff_SizeCELL_Collectionview.app */;
			productType = "com.apple.product-type.application";
		};
		40D9C57B1F615173005E859F /* Diff_SizeCELL_CollectionviewTests */ = {
			isa = PBXNativeTarget;
			buildConfigurationList = 40D9C5931F615173005E859F /* Build configuration list for PBXNativeTarget "Diff_SizeCELL_CollectionviewTests" */;
			buildPhases = (
				40D9C5781F615173005E859F /* Sources */,
				40D9C5791F615173005E859F /* Frameworks */,
				40D9C57A1F615173005E859F /* Resources */,
			);
			buildRules = (
			);
			dependencies = (
				40D9C57E1F615173005E859F /* PBXTargetDependency */,
			);
			name = Diff_SizeCELL_CollectionviewTests;
			productName = Diff_SizeCELL_CollectionviewTests;
			productReference = 40D9C57C1F615173005E859F /* Diff_SizeCELL_CollectionviewTests.xctest */;
			productType = "com.apple.product-type.bundle.unit-test";
		};
		40D9C5861F615173005E859F /* Diff_SizeCELL_CollectionviewUITests */ = {
			isa = PBXNativeTarget;
			buildConfigurationList = 40D9C5961F615173005E859F /* Build configuration list for PBXNativeTarget "Diff_SizeCELL_CollectionviewUITests" */;
			buildPhases = (
				40D9C5831F615173005E859F /* Sources */,
				40D9C5841F615173005E859F /* Frameworks */,
				40D9C5851F615173005E859F /* Resources */,
			);
			buildRules = (
			);
			dependencies = (
				40D9C5891F615173005E859F /* PBXTargetDependency */,
			);
			name = Diff_SizeCELL_CollectionviewUITests;
			productName = Diff_SizeCELL_CollectionviewUITests;
			productReference = 40D9C5871F615173005E859F /* Diff_SizeCELL_CollectionviewUITests.xctest */;
			productType = "com.apple.product-type.bundle.ui-testing";
		};
/* End PBXNativeTarget section */

/* Begin PBXProject section */
		40D9C55B1F615171005E859F /* Project object */ = {
			isa = PBXProject;
			attributes = {
				LastUpgradeCheck = 0830;
				ORGANIZATIONNAME = cs;
				TargetAttributes = {
					40D9C5621F615171005E859F = {
						CreatedOnToolsVersion = 8.3.2;
						ProvisioningStyle = Automatic;
					};
					40D9C57B1F615173005E859F = {
						CreatedOnToolsVersion = 8.3.2;
						ProvisioningStyle = Automatic;
						TestTargetID = 40D9C5621F615171005E859F;
					};
					40D9C5861F615173005E859F = {
						CreatedOnToolsVersion = 8.3.2;
						ProvisioningStyle = Automatic;
						TestTargetID = 40D9C5621F615171005E859F;
					};
				};
			};
			buildConfigurationList = 40D9C55E1F615171005E859F /* Build configuration list for PBXProject "Diff_SizeCELL_Collectionview" */;
			compatibilityVersion = "Xcode 3.2";
			developmentRegion = English;
			hasScannedForEncodings = 0;
			knownRegions = (
				en,
				Base,
			);
			mainGroup = 40D9C55A1F615171005E859F;
			productRefGroup = 40D9C5641F615171005E859F /* Products */;
			projectDirPath = "";
			projectRoot = "";
			targets = (
				40D9C5621F615171005E859F /* Diff_SizeCELL_Collectionview */,
				40D9C57B1F615173005E859F /* Diff_SizeCELL_CollectionviewTests */,
				40D9C5861F615173005E859F /* Diff_SizeCELL_CollectionviewUITests */,
			);
		};
/* End PBXProject section */

/* Begin PBXResourcesBuildPhase section */
		40D9C5611F615171005E859F /* Resources */ = {
			isa = PBXResourcesBuildPhase;
			buildActionMask = 2147483647;
			files = (
				40D9C5761F615173005E859F /* LaunchScreen.storyboard in Resources */,
				40D9C5B91F61572F005E859F /* cat2.jpg in Resources */,
				40D9C5B81F61572F005E859F /* cat3.jpg in Resources */,
				40D9C5BA1F61572F005E859F /* cat1.jpg in Resources */,
				40D9C5731F615173005E859F /* Assets.xcassets in Resources */,
				40D9C5711F615173005E859F /* Main.storyboard in Resources */,
				40D9C5B71F61572F005E859F /* cat4.jpg in Resources */,
			);
			runOnlyForDeploymentPostprocessing = 0;
		};
		40D9C57A1F615173005E859F /* Resources */ = {
			isa = PBXResourcesBuildPhase;
			buildActionMask = 2147483647;
			files = (
			);
			runOnlyForDeploymentPostprocessing = 0;
		};
		40D9C5851F615173005E859F /* Resources */ = {
			isa = PBXResourcesBuildPhase;
			buildActionMask = 2147483647;
			files = (
			);
			runOnlyForDeploymentPostprocessing = 0;
		};
/* End PBXResourcesBuildPhase section */

/* Begin PBXSourcesBuildPhase section */
		40D9C55F1F615171005E859F /* Sources */ = {
			isa = PBXSourcesBuildPhase;
			buildActionMask = 2147483647;
			files = (
				40D9C5B21F61520B005E859F /* IMGVC.m in Sources */,
				40D9C5A71F61519D005E859F /* ViewController.m in Sources */,
				40D9C5A01F615182005E859F /* CHTCollectionViewWaterfallHeader.m in Sources */,
				40D9C5A11F615182005E859F /* CHTCollectionViewWaterfallFooter.m in Sources */,
				40D9C5A41F61518A005E859F /* CHTCollectionViewWaterfallLayout.m in Sources */,
				40D9C56B1F615172005E859F /* AppDelegate.m in Sources */,
				40D9C59F1F615182005E859F /* CHTCollectionViewWaterfallCell.m in Sources */,
				40D9C5681F615172005E859F /* main.m in Sources */,
			);
			runOnlyForDeploymentPostprocessing = 0;
		};
		40D9C5781F615173005E859F /* Sources */ = {
			isa = PBXSourcesBuildPhase;
			buildActionMask = 2147483647;
			files = (
				40D9C5811F615173005E859F /* Diff_SizeCELL_CollectionviewTests.m in Sources */,
			);
			runOnlyForDeploymentPostprocessing = 0;
		};
		40D9C5831F615173005E859F /* Sources */ = {
			isa = PBXSourcesBuildPhase;
			buildActionMask = 2147483647;
			files = (
				40D9C58C1F615173005E859F /* Diff_SizeCELL_CollectionviewUITests.m in Sources */,
			);
			runOnlyForDeploymentPostprocessing = 0;
		};
/* End PBXSourcesBuildPhase section */

/* Begin PBXTargetDependency section */
		40D9C57E1F615173005E859F /* PBXTargetDependency */ = {
			isa = PBXTargetDependency;
			target = 40D9C5621F615171005E859F /* Diff_SizeCELL_Collectionview */;
			targetProxy = 40D9C57D1F615173005E859F /* PBXContainerItemProxy */;
		};
		40D9C5891F615173005E859F /* PBXTargetDependency */ = {
			isa = PBXTargetDependency;
			target = 40D9C5621F615171005E859F /* Diff_SizeCELL_Collectionview */;
			targetProxy = 40D9C5881F615173005E859F /* PBXContainerItemProxy */;
		};
/* End PBXTargetDependency section */

/* Begin PBXVariantGroup section */
		40D9C56F1F615173005E859F /* Main.storyboard */ = {
			isa = PBXVariantGroup;
			children = (
				40D9C5701F615173005E859F /* Base */,
			);
			name = Main.storyboard;
			sourceTree = "<group>";
		};
		40D9C5741F615173005E859F /* LaunchScreen.storyboard */ = {
			isa = PBXVariantGroup;
			children = (
				40D9C5751F615173005E859F /* Base */,
			);
			name = LaunchScreen.storyboard;
			sourceTree = "<group>";
		};
/* End PBXVariantGroup section */

/* Begin XCBuildConfiguration section */
		40D9C58E1F615173005E859F /* Debug */ = {
			isa = XCBuildConfiguration;
			buildSettings = {
				ALWAYS_SEARCH_USER_PATHS = NO;
				CLANG_ANALYZER_NONNULL = YES;
				CLANG_ANALYZER_NUMBER_OBJECT_CONVERSION = YES_AGGRESSIVE;
				CLANG_CXX_LANGUAGE_STANDARD = "gnu++0x";
				CLANG_CXX_LIBRARY = "libc++";
				CLANG_ENABLE_MODULES = YES;
				CLANG_ENABLE_OBJC_ARC = YES;
				CLANG_WARN_BOOL_CONVERSION = YES;
				CLANG_WARN_CONSTANT_CONVERSION = YES;
				CLANG_WARN_DIRECT_OBJC_ISA_USAGE = YES_ERROR;
				CLANG_WARN_DOCUMENTATION_COMMENTS = YES;
				CLANG_WARN_EMPTY_BODY = YES;
				CLANG_WARN_ENUM_CONVERSION = YES;
				CLANG_WARN_INFINITE_RECURSION = YES;
				CLANG_WARN_INT_CONVERSION = YES;
				CLANG_WARN_OBJC_ROOT_CLASS = YES_ERROR;
				CLANG_WARN_SUSPICIOUS_MOVE = YES;
				CLANG_WARN_UNREACHABLE_CODE = YES;
				CLANG_WARN__DUPLICATE_METHOD_MATCH = YES;
				"CODE_SIGN_IDENTITY[sdk=iphoneos*]" = "iPhone Developer";
				COPY_PHASE_STRIP = NO;
				DEBUG_INFORMATION_FORMAT = dwarf;
				ENABLE_STRICT_OBJC_MSGSEND = YES;
				ENABLE_TESTABILITY = YES;
				GCC_C_LANGUAGE_STANDARD = gnu99;
				GCC_DYNAMIC_NO_PIC = NO;
				GCC_NO_COMMON_BLOCKS = YES;
				GCC_OPTIMIZATION_LEVEL = 0;
				GCC_PREPROCESSOR_DEFINITIONS = (
					"DEBUG=1",
					"$(inherited)",
				);
				GCC_WARN_64_TO_32_BIT_CONVERSION = YES;
				GCC_WARN_ABOUT_RETURN_TYPE = YES_ERROR;
				GCC_WARN_UNDECLARED_SELECTOR = YES;
				GCC_WARN_UNINITIALIZED_AUTOS = YES_AGGRESSIVE;
				GCC_WARN_UNUSED_FUNCTION = YES;
				GCC_WARN_UNUSED_VARIABLE = YES;
				IPHONEOS_DEPLOYMENT_TARGET = 10.3;
				MTL_ENABLE_DEBUG_INFO = YES;
				ONLY_ACTIVE_ARCH = YES;
				SDKROOT = iphoneos;
			};
			name = Debug;
		};
		40D9C58F1F615173005E859F /* Release */ = {
			isa = XCBuildConfiguration;
			buildSettings = {
				ALWAYS_SEARCH_USER_PATHS = NO;
				CLANG_ANALYZER_NONNULL = YES;
				CLANG_ANALYZER_NUMBER_OBJECT_CONVERSION = YES_AGGRESSIVE;
				CLANG_CXX_LANGUAGE_STANDARD = "gnu++0x";
				CLANG_CXX_LIBRARY = "libc++";
				CLANG_ENABLE_MODULES = YES;
				CLANG_ENABLE_OBJC_ARC = YES;
				CLANG_WARN_BOOL_CONVERSION = YES;
				CLANG_WARN_CONSTANT_CONVERSION = YES;
				CLANG_WARN_DIRECT_OBJC_ISA_USAGE = YES_ERROR;
				CLANG_WARN_DOCUMENTATION_COMMENTS = YES;
				CLANG_WARN_EMPTY_BODY = YES;
				CLANG_WARN_ENUM_CONVERSION = YES;
				CLANG_WARN_INFINITE_RECURSION = YES;
				CLANG_WARN_INT_CONVERSION = YES;
				CLANG_WARN_OBJC_ROOT_CLASS = YES_ERROR;
				CLANG_WARN_SUSPICIOUS_MOVE = YES;
				CLANG_WARN_UNREACHABLE_CODE = YES;
				CLANG_WARN__DUPLICATE_METHOD_MATCH = YES;
				"CODE_SIGN_IDENTITY[sdk=iphoneos*]" = "iPhone Developer";
				COPY_PHASE_STRIP = NO;
				DEBUG_INFORMATION_FORMAT = "dwarf-with-dsym";
				ENABLE_NS_ASSERTIONS = NO;
				ENABLE_STRICT_OBJC_MSGSEND = YES;
				GCC_C_LANGUAGE_STANDARD = gnu99;
				GCC_NO_COMMON_BLOCKS = YES;
				GCC_WARN_64_TO_32_BIT_CONVERSION = YES;
				GCC_WARN_ABOUT_RETURN_TYPE = YES_ERROR;
				GCC_WARN_UNDECLARED_SELECTOR = YES;
				GCC_WARN_UNINITIALIZED_AUTOS = YES_AGGRESSIVE;
				GCC_WARN_UNUSED_FUNCTION = YES;
				GCC_WARN_UNUSED_VARIABLE = YES;
				IPHONEOS_DEPLOYMENT_TARGET = 10.3;
				MTL_ENABLE_DEBUG_INFO = NO;
				SDKROOT = iphoneos;
				VALIDATE_PRODUCT = YES;
			};
			name = Release;
		};
		40D9C5911F615173005E859F /* Debug */ = {
			isa = XCBuildConfiguration;
			buildSettings = {
				ASSETCATALOG_COMPILER_APPICON_NAME = AppIcon;
				INFOPLIST_FILE = Diff_SizeCELL_Collectionview/Info.plist;
				LD_RUNPATH_SEARCH_PATHS = "$(inherited) @executable_path/Frameworks";
				PRODUCT_BUNDLE_IDENTIFIER = "com.Akshamaala.Diff-SizeCELL-Collectionview";
				PRODUCT_NAME = "$(TARGET_NAME)";
			};
			name = Debug;
		};
		40D9C5921F615173005E859F /* Release */ = {
			isa = XCBuildConfiguration;
			buildSettings = {
				ASSETCATALOG_COMPILER_APPICON_NAME = AppIcon;
				INFOPLIST_FILE = Diff_SizeCELL_Collectionview/Info.plist;
				LD_RUNPATH_SEARCH_PATHS = "$(inherited) @executable_path/Frameworks";
				PRODUCT_BUNDLE_IDENTIFIER = "com.Akshamaala.Diff-SizeCELL-Collectionview";
				PRODUCT_NAME = "$(TARGET_NAME)";
			};
			name = Release;
		};
		40D9C5941F615173005E859F /* Debug */ = {
			isa = XCBuildConfiguration;
			buildSettings = {
				BUNDLE_LOADER = "$(TEST_HOST)";
				INFOPLIST_FILE = Diff_SizeCELL_CollectionviewTests/Info.plist;
				LD_RUNPATH_SEARCH_PATHS = "$(inherited) @executable_path/Frameworks @loader_path/Frameworks";
				PRODUCT_BUNDLE_IDENTIFIER = "com.Akshamaala.Diff-SizeCELL-CollectionviewTests";
				PRODUCT_NAME = "$(TARGET_NAME)";
				TEST_HOST = "$(BUILT_PRODUCTS_DIR)/Diff_SizeCELL_Collectionview.app/Diff_SizeCELL_Collectionview";
			};
			name = Debug;
		};
		40D9C5951F615173005E859F /* Release */ = {
			isa = XCBuildConfiguration;
			buildSettings = {
				BUNDLE_LOADER = "$(TEST_HOST)";
				INFOPLIST_FILE = Diff_SizeCELL_CollectionviewTests/Info.plist;
				LD_RUNPATH_SEARCH_PATHS = "$(inherited) @executable_path/Frameworks @loader_path/Frameworks";
				PRODUCT_BUNDLE_IDENTIFIER = "com.Akshamaala.Diff-SizeCELL-CollectionviewTests";
				PRODUCT_NAME = "$(TARGET_NAME)";
				TEST_HOST = "$(BUILT_PRODUCTS_DIR)/Diff_SizeCELL_Collectionview.app/Diff_SizeCELL_Collectionview";
			};
			name = Release;
		};
		40D9C5971F615173005E859F /* Debug */ = {
			isa = XCBuildConfiguration;
			buildSettings = {
				INFOPLIST_FILE = Diff_SizeCELL_CollectionviewUITests/Info.plist;
				LD_RUNPATH_SEARCH_PATHS = "$(inherited) @executable_path/Frameworks @loader_path/Frameworks";
				PRODUCT_BUNDLE_IDENTIFIER = "com.Akshamaala.Diff-SizeCELL-CollectionviewUITests";
				PRODUCT_NAME = "$(TARGET_NAME)";
				TEST_TARGET_NAME = Diff_SizeCELL_Collectionview;
			};
			name = Debug;
		};
		40D9C5981F615173005E859F /* Release */ = {
			isa = XCBuildConfiguration;
			buildSettings = {
				INFOPLIST_FILE = Diff_SizeCELL_CollectionviewUITests/Info.plist;
				LD_RUNPATH_SEARCH_PATHS = "$(inherited) @executable_path/Frameworks @loader_path/Frameworks";
				PRODUCT_BUNDLE_IDENTIFIER = "com.Akshamaala.Diff-SizeCELL-CollectionviewUITests";
				PRODUCT_NAME = "$(TARGET_NAME)";
				TEST_TARGET_NAME = Diff_SizeCELL_Collectionview;
			};
			name = Release;
		};
/* End XCBuildConfiguration section */

/* Begin XCConfigurationList section */
		40D9C55E1F615171005E859F /* Build configuration list for PBXProject "Diff_SizeCELL_Collectionview" */ = {
			isa = XCConfigurationList;
			buildConfigurations = (
				40D9C58E1F615173005E859F /* Debug */,
				40D9C58F1F615173005E859F /* Release */,
			);
			defaultConfigurationIsVisible = 0;
			defaultConfigurationName = Release;
		};
		40D9C5901F615173005E859F /* Build configuration list for PBXNativeTarget "Diff_SizeCELL_Collectionview" */ = {
			isa = XCConfigurationList;
			buildConfigurations = (
				40D9C5911F615173005E859F /* Debug */,
				40D9C5921F615173005E859F /* Release */,
			);
			defaultConfigurationIsVisible = 0;
		};
		40D9C5931F615173005E859F /* Build configuration list for PBXNativeTarget "Diff_SizeCELL_CollectionviewTests" */ = {
			isa = XCConfigurationList;
			buildConfigurations = (
				40D9C5941F615173005E859F /* Debug */,
				40D9C5951F615173005E859F /* Release */,
			);
			defaultConfigurationIsVisible = 0;
		};
		40D9C5961F615173005E859F /* Build configuration list for PBXNativeTarget "Diff_SizeCELL_CollectionviewUITests" */ = {
			isa = XCConfigurationList;
			buildConfigurations = (
				40D9C5971F615173005E859F /* Debug */,
				40D9C5981F615173005E859F /* Release */,
			);
			defaultConfigurationIsVisible = 0;
		};
/* End XCConfigurationList section */
	};
	rootObject = 40D9C55B1F615171005E859F /* Project object */;
}
